PODS:
  - Flutter (1.0.0)
  - flutter_jd_address_selector (0.0.1):
    - Flutter

DEPENDENCIES:
  - Flutter (from `Flutter`)
  - flutter_jd_address_selector (from `.symlinks/plugins/flutter_jd_address_selector/ios`)

EXTERNAL SOURCES:
  Flutter:
    :path: Flutter
  flutter_jd_address_selector:
    :path: ".symlinks/plugins/flutter_jd_address_selector/ios"

SPEC CHECKSUMS:
  Flutter: 0e3d915762c693b495b44d77113d4970485de6ec
  flutter_jd_address_selector: 14eee7636b9e9ca153d9bd81debe36c9ba9a9b2d

PODFILE CHECKSUM: 3dbe063e9c90a5d7c9e4e76e70a821b9e2c1d271

COCOAPODS: 1.9.1
